# This file is automatically @generated by Poetry 1.4.0 and should not be changed by hand.

[[package]]
name = "mariadb"
version = "1.1.7"
description = "Python MariaDB extension"
category = "main"
optional = false
python-versions = ">=3.8"
files = [
    {file = "mariadb-1.1.7-cp310-cp310-win32.whl", hash = "sha256:4cab70488fbe43eb3fca81a43b8f0fc2515a62d1159e20f918197b4496aa77a6"},
    {file = "mariadb-1.1.7-cp310-cp310-win_amd64.whl", hash = "sha256:9e81117c585bdb7b1221d2938e4d32fb10dec66bb42dc4eb09e0f4a6bc99b2e8"},
    {file = "mariadb-1.1.7-cp311-cp311-win32.whl", hash = "sha256:860743838a24124612780c7ed30cc9d24d100d8e2ea781195a088d483da56dca"},
    {file = "mariadb-1.1.7-cp311-cp311-win_amd64.whl", hash = "sha256:3d981a1ace12f10915e9871e091533ff5d491206886988e9ea33e2d82f16eb02"},
    {file = "mariadb-1.1.7-cp38-cp38-win32.whl", hash = "sha256:8c77208b0f7cc84c5e6bd81c048a071065a49feb9c15757ad7b299d4d194f17d"},
    {file = "mariadb-1.1.7-cp38-cp38-win_amd64.whl", hash = "sha256:07c421f974dbc67e0f96013ba88083b0d72d43164a46b21118953a8cda800682"},
    {file = "mariadb-1.1.7-cp39-cp39-win32.whl", hash = "sha256:0814a59058b81f10576553b70c245a801d3ed9bb9f4de026fc8f99ffdafbb950"},
    {file = "mariadb-1.1.7-cp39-cp39-win_amd64.whl", hash = "sha256:a86f46e8fdbb5a14c231586bf4632ad13a5843b36b6627d7f67936776dd07f74"},
    {file = "mariadb-1.1.7.tar.gz", hash = "sha256:5116ec913fb344f8379d59145f748aaafcfbbf3ba38cc1b81b77aa65081bf08e"},
]

[package.dependencies]
packaging = "*"

[[package]]
name = "packaging"
version = "23.1"
description = "Core utilities for Python packages"
category = "main"
optional = false
python-versions = ">=3.7"
files = [
    {file = "packaging-23.1-py3-none-any.whl", hash = "sha256:994793af429502c4ea2ebf6bf664629d07c1a9fe974af92966e4b8d2df7edc61"},
    {file = "packaging-23.1.tar.gz", hash = "sha256:a392980d2b6cffa644431898be54b0045151319d1e7ec34f0cfed48767dd334f"},
]

[metadata]
lock-version = "2.0"
python-versions = "^3.10"
content-hash = "72527cb51cc2905b9372b5e67e71399e2b7d3261ad7e3a603ed0c5b6b7f1282f"
